{
    __meta__ = {
        version = "1.0"
    },
    ["windows|x64"] = {
        ["cmake#31fecfc4"] = {
            repo = {
                branch = "master",
                commit = "da016bf271a4a37cd9e89cf772b0d3d730767843",
                url = "https://gitlab.com/tboox/xmake-repo.git"
            },
            version = "4.0.2"
        },
        ["commonlib-shared 2546a8d1257cd5e8c68adcdb2c5633c0c7462865#04075caa"] = {
            repo = {
                commit = "47eca6ffcb79208b9f757df369b2ddad322aac16",
                url = "https://github.com/libxse/libxse-xrepo"
            },
            version = "2546a8d1257cd5e8c68adcdb2c5633c0c7462865"
        },
        ["nlohmann_json#31fecfc4"] = {
            repo = {
                branch = "master",
                commit = "acb7ac966bdcfd6e70708d6085104db8cb1e6eb8",
                url = "https://gitlab.com/tboox/xmake-repo.git"
            },
            version = "v3.12.0"
        },
        ["simpleini#31fecfc4"] = {
            repo = {
                branch = "master",
                commit = "6fe5db7e5067b779e6ddb505a14a7ed94b7b1bc2",
                url = "https://gitlab.com/tboox/xmake-repo.git"
            },
            version = "v4.22"
        },
        ["spdlog#9c36f0a9"] = {
            repo = {
                branch = "master",
                commit = "da016bf271a4a37cd9e89cf772b0d3d730767843",
                url = "https://gitlab.com/tboox/xmake-repo.git"
            },
            version = "v1.15.3"
        }
    }
}